
Microsoft Visual Studio Solution File, Format Version 12.00
# Visual Studio Version 17
VisualStudioVersion = 17.4.33205.214
MinimumVisualStudioVersion = 10.0.40219.1
Project("{FAE04EC0-301F-11D3-BF4B-00C04F79EFBC}") = "myfirstMVC_web_App", "myfirstMVC_web_App\myfirstMVC_web_App.csproj", "{46B7F989-C448-4451-90A7-C47124C42EE8}"
EndProject
Global
	GlobalSection(SolutionConfigurationPlatforms) = preSolution
		Debug|Any CPU = Debug|Any CPU
		Release|Any CPU = Release|Any CPU
	EndGlobalSection
	GlobalSection(ProjectConfigurationPlatforms) = postSolution
		{46B7F989-C448-4451-90A7-C47124C42EE8}.Debug|Any CPU.ActiveCfg = Debug|Any CPU
		{46B7F989-C448-4451-90A7-C47124C42EE8}.Debug|Any CPU.Build.0 = Debug|Any CPU
		{46B7F989-C448-4451-90A7-C47124C42EE8}.Release|Any CPU.ActiveCfg = Release|Any CPU
		{46B7F989-C448-4451-90A7-C47124C42EE8}.Release|Any CPU.Build.0 = Release|Any CPU
	EndGlobalSection
	GlobalSection(SolutionProperties) = preSolution
		HideSolutionNode = FALSE
	EndGlobalSection
	GlobalSection(ExtensibilityGlobals) = postSolution
		SolutionGuid = {21C8F8C1-3998-464C-A9B8-E686A01AA055}
	EndGlobalSection
EndGlobal
